{
  "version": 4,
  "terraform_version": "1.10.5",
  "serial": 3,
  "lineage": "706ebcdc-fcfd-0b12-f3a3-7469913ead97",
  "outputs": {
    "daemonset_info": {
      "value": {
        "labels": {
          "k8s-app": "kubenetinsight"
        },
        "name": "kubenetinsight",
        "namespace": "kube-system"
      },
      "type": [
        "object",
        {
          "labels": [
            "map",
            "string"
          ],
          "name": "string",
          "namespace": "string"
        }
      ]
    },
    "daemonset_spec": {
      "value": {
        "selector": [
          {
            "match_expressions": [],
            "match_labels": {
              "name": "kubenetinsight"
            }
          }
        ],
        "template": [
          {
            "metadata": [
              {
                "annotations": null,
                "generate_name": "",
                "generation": 0,
                "labels": {
                  "name": "kubenetinsight"
                },
                "name": "",
                "namespace": "",
                "resource_version": "",
                "uid": ""
              }
            ],
            "spec": [
              {
                "active_deadline_seconds": 0,
                "affinity": [],
                "automount_service_account_token": true,
                "container": [
                  {
                    "args": null,
                    "command": null,
                    "env": [],
                    "env_from": [],
                    "image": "paras1904/kubenetinsight:latest",
                    "image_pull_policy": "Always",
                    "lifecycle": [],
                    "liveness_probe": [],
                    "name": "kubenetinsight",
                    "port": [],
                    "readiness_probe": [],
                    "resources": [
                      {
                        "limits": {},
                        "requests": {}
                      }
                    ],
                    "security_context": [
                      {
                        "allow_privilege_escalation": true,
                        "capabilities": [],
                        "privileged": true,
                        "read_only_root_filesystem": false,
                        "run_as_group": "",
                        "run_as_non_root": false,
                        "run_as_user": "",
                        "se_linux_options": [],
                        "seccomp_profile": []
                      }
                    ],
                    "startup_probe": [],
                    "stdin": false,
                    "stdin_once": false,
                    "termination_message_path": "/dev/termination-log",
                    "termination_message_policy": "File",
                    "tty": false,
                    "volume_device": [],
                    "volume_mount": [
                      {
                        "mount_path": "/sys/fs/bpf",
                        "mount_propagation": "None",
                        "name": "bpffs",
                        "read_only": false,
                        "sub_path": ""
                      },
                      {
                        "mount_path": "/sys/kernel/debug",
                        "mount_propagation": "None",
                        "name": "debugfs",
                        "read_only": false,
                        "sub_path": ""
                      }
                    ],
                    "working_dir": ""
                  }
                ],
                "dns_config": [],
                "dns_policy": "ClusterFirst",
                "enable_service_links": true,
                "host_aliases": [],
                "host_ipc": false,
                "host_network": true,
                "host_pid": false,
                "hostname": "",
                "image_pull_secrets": [],
                "init_container": [],
                "node_name": "",
                "node_selector": null,
                "os": [],
                "priority_class_name": "",
                "readiness_gate": [],
                "restart_policy": "Always",
                "runtime_class_name": "",
                "scheduler_name": "default-scheduler",
                "security_context": [],
                "service_account_name": "",
                "share_process_namespace": false,
                "subdomain": "",
                "termination_grace_period_seconds": 30,
                "toleration": [
                  {
                    "effect": "NoSchedule",
                    "key": "node-role.kubernetes.io/master",
                    "operator": "Exists",
                    "toleration_seconds": "",
                    "value": ""
                  }
                ],
                "topology_spread_constraint": [],
                "volume": [
                  {
                    "aws_elastic_block_store": [],
                    "azure_disk": [],
                    "azure_file": [],
                    "ceph_fs": [],
                    "cinder": [],
                    "config_map": [],
                    "csi": [],
                    "downward_api": [],
                    "empty_dir": [],
                    "ephemeral": [],
                    "fc": [],
                    "flex_volume": [],
                    "flocker": [],
                    "gce_persistent_disk": [],
                    "git_repo": [],
                    "glusterfs": [],
                    "host_path": [
                      {
                        "path": "/sys/fs/bpf",
                        "type": "DirectoryOrCreate"
                      }
                    ],
                    "iscsi": [],
                    "local": [],
                    "name": "bpffs",
                    "nfs": [],
                    "persistent_volume_claim": [],
                    "photon_persistent_disk": [],
                    "projected": [],
                    "quobyte": [],
                    "rbd": [],
                    "secret": [],
                    "vsphere_volume": []
                  },
                  {
                    "aws_elastic_block_store": [],
                    "azure_disk": [],
                    "azure_file": [],
                    "ceph_fs": [],
                    "cinder": [],
                    "config_map": [],
                    "csi": [],
                    "downward_api": [],
                    "empty_dir": [],
                    "ephemeral": [],
                    "fc": [],
                    "flex_volume": [],
                    "flocker": [],
                    "gce_persistent_disk": [],
                    "git_repo": [],
                    "glusterfs": [],
                    "host_path": [
                      {
                        "path": "/sys/kernel/debug",
                        "type": ""
                      }
                    ],
                    "iscsi": [],
                    "local": [],
                    "name": "debugfs",
                    "nfs": [],
                    "persistent_volume_claim": [],
                    "photon_persistent_disk": [],
                    "projected": [],
                    "quobyte": [],
                    "rbd": [],
                    "secret": [],
                    "vsphere_volume": []
                  }
                ]
              }
            ]
          }
        ]
      },
      "type": [
        "object",
        {
          "selector": [
            "list",
            [
              "object",
              {
                "match_expressions": [
                  "list",
                  [
                    "object",
                    {
                      "key": "string",
                      "operator": "string",
                      "values": [
                        "set",
                        "string"
                      ]
                    }
                  ]
                ],
                "match_labels": [
                  "map",
                  "string"
                ]
              }
            ]
          ],
          "template": [
            "list",
            [
              "object",
              {
                "metadata": [
                  "list",
                  [
                    "object",
                    {
                      "annotations": [
                        "map",
                        "string"
                      ],
                      "generate_name": "string",
                      "generation": "number",
                      "labels": [
                        "map",
                        "string"
                      ],
                      "name": "string",
                      "namespace": "string",
                      "resource_version": "string",
                      "uid": "string"
                    }
                  ]
                ],
                "spec": [
                  "list",
                  [
                    "object",
                    {
                      "active_deadline_seconds": "number",
                      "affinity": [
                        "list",
                        [
                          "object",
                          {
                            "node_affinity": [
                              "list",
                              [
                                "object",
                                {
                                  "preferred_during_scheduling_ignored_during_execution": [
                                    "list",
                                    [
                                      "object",
                                      {
                                        "preference": [
                                          "list",
                                          [
                                            "object",
                                            {
                                              "match_expressions": [
                                                "list",
                                                [
                                                  "object",
                                                  {
                                                    "key": "string",
                                                    "operator": "string",
                                                    "values": [
                                                      "set",
                                                      "string"
                                                    ]
                                                  }
                                                ]
                                              ],
                                              "match_fields": [
                                                "list",
                                                [
                                                  "object",
                                                  {
                                                    "key": "string",
                                                    "operator": "string",
                                                    "values": [
                                                      "set",
                                                      "string"
                                                    ]
                                                  }
                                                ]
                                              ]
                                            }
                                          ]
                                        ],
                                        "weight": "number"
                                      }
                                    ]
                                  ],
                                  "required_during_scheduling_ignored_during_execution": [
                                    "list",
                                    [
                                      "object",
                                      {
                                        "node_selector_term": [
                                          "list",
                                          [
                                            "object",
                                            {
                                              "match_expressions": [
                                                "list",
                                                [
                                                  "object",
                                                  {
                                                    "key": "string",
                                                    "operator": "string",
                                                    "values": [
                                                      "set",
                                                      "string"
                                                    ]
                                                  }
                                                ]
                                              ],
                                              "match_fields": [
                                                "list",
                                                [
                                                  "object",
                                                  {
                                                    "key": "string",
                                                    "operator": "string",
                                                    "values": [
                                                      "set",
                                                      "string"
                                                    ]
                                                  }
                                                ]
                                              ]
                                            }
                                          ]
                                        ]
                                      }
                                    ]
                                  ]
                                }
                              ]
                            ],
                            "pod_affinity": [
                              "list",
                              [
                                "object",
                                {
                                  "preferred_during_scheduling_ignored_during_execution": [
                                    "list",
                                    [
                                      "object",
                                      {
                                        "pod_affinity_term": [
                                          "list",
                                          [
                                            "object",
                                            {
                                              "label_selector": [
                                                "list",
                                                [
                                                  "object",
                                                  {
                                                    "match_expressions": [
                                                      "list",
                                                      [
                                                        "object",
                                                        {
                                                          "key": "string",
                                                          "operator": "string",
                                                          "values": [
                                                            "set",
                                                            "string"
                                                          ]
                                                        }
                                                      ]
                                                    ],
                                                    "match_labels": [
                                                      "map",
                                                      "string"
                                                    ]
                                                  }
                                                ]
                                              ],
                                              "namespace_selector": [
                                                "list",
                                                [
                                                  "object",
                                                  {
                                                    "match_expressions": [
                                                      "list",
                                                      [
                                                        "object",
                                                        {
                                                          "key": "string",
                                                          "operator": "string",
                                                          "values": [
                                                            "set",
                                                            "string"
                                                          ]
                                                        }
                                                      ]
                                                    ],
                                                    "match_labels": [
                                                      "map",
                                                      "string"
                                                    ]
                                                  }
                                                ]
                                              ],
                                              "namespaces": [
                                                "set",
                                                "string"
                                              ],
                                              "topology_key": "string"
                                            }
                                          ]
                                        ],
                                        "weight": "number"
                                      }
                                    ]
                                  ],
                                  "required_during_scheduling_ignored_during_execution": [
                                    "list",
                                    [
                                      "object",
                                      {
                                        "label_selector": [
                                          "list",
                                          [
                                            "object",
                                            {
                                              "match_expressions": [
                                                "list",
                                                [
                                                  "object",
                                                  {
                                                    "key": "string",
                                                    "operator": "string",
                                                    "values": [
                                                      "set",
                                                      "string"
                                                    ]
                                                  }
                                                ]
                                              ],
                                              "match_labels": [
                                                "map",
                                                "string"
                                              ]
                                            }
                                          ]
                                        ],
                                        "namespace_selector": [
                                          "list",
                                          [
                                            "object",
                                            {
                                              "match_expressions": [
                                                "list",
                                                [
                                                  "object",
                                                  {
                                                    "key": "string",
                                                    "operator": "string",
                                                    "values": [
                                                      "set",
                                                      "string"
                                                    ]
                                                  }
                                                ]
                                              ],
                                              "match_labels": [
                                                "map",
                                                "string"
                                              ]
                                            }
                                          ]
                                        ],
                                        "namespaces": [
                                          "set",
                                          "string"
                                        ],
                                        "topology_key": "string"
                                      }
                                    ]
                                  ]
                                }
                              ]
                            ],
                            "pod_anti_affinity": [
                              "list",
                              [
                                "object",
                                {
                                  "preferred_during_scheduling_ignored_during_execution": [
                                    "list",
                                    [
                                      "object",
                                      {
                                        "pod_affinity_term": [
                                          "list",
                                          [
                                            "object",
                                            {
                                              "label_selector": [
                                                "list",
                                                [
                                                  "object",
                                                  {
                                                    "match_expressions": [
                                                      "list",
                                                      [
                                                        "object",
                                                        {
                                                          "key": "string",
                                                          "operator": "string",
                                                          "values": [
                                                            "set",
                                                            "string"
                                                          ]
                                                        }
                                                      ]
                                                    ],
                                                    "match_labels": [
                                                      "map",
                                                      "string"
                                                    ]
                                                  }
                                                ]
                                              ],
                                              "namespace_selector": [
                                                "list",
                                                [
                                                  "object",
                                                  {
                                                    "match_expressions": [
                                                      "list",
                                                      [
                                                        "object",
                                                        {
                                                          "key": "string",
                                                          "operator": "string",
                                                          "values": [
                                                            "set",
                                                            "string"
                                                          ]
                                                        }
                                                      ]
                                                    ],
                                                    "match_labels": [
                                                      "map",
                                                      "string"
                                                    ]
                                                  }
                                                ]
                                              ],
                                              "namespaces": [
                                                "set",
                                                "string"
                                              ],
                                              "topology_key": "string"
                                            }
                                          ]
                                        ],
                                        "weight": "number"
                                      }
                                    ]
                                  ],
                                  "required_during_scheduling_ignored_during_execution": [
                                    "list",
                                    [
                                      "object",
                                      {
                                        "label_selector": [
                                          "list",
                                          [
                                            "object",
                                            {
                                              "match_expressions": [
                                                "list",
                                                [
                                                  "object",
                                                  {
                                                    "key": "string",
                                                    "operator": "string",
                                                    "values": [
                                                      "set",
                                                      "string"
                                                    ]
                                                  }
                                                ]
                                              ],
                                              "match_labels": [
                                                "map",
                                                "string"
                                              ]
                                            }
                                          ]
                                        ],
                                        "namespace_selector": [
                                          "list",
                                          [
                                            "object",
                                            {
                                              "match_expressions": [
                                                "list",
                                                [
                                                  "object",
                                                  {
                                                    "key": "string",
                                                    "operator": "string",
                                                    "values": [
                                                      "set",
                                                      "string"
                                                    ]
                                                  }
                                                ]
                                              ],
                                              "match_labels": [
                                                "map",
                                                "string"
                                              ]
                                            }
                                          ]
                                        ],
                                        "namespaces": [
                                          "set",
                                          "string"
                                        ],
                                        "topology_key": "string"
                                      }
                                    ]
                                  ]
                                }
                              ]
                            ]
                          }
                        ]
                      ],
                      "automount_service_account_token": "bool",
                      "container": [
                        "list",
                        [
                          "object",
                          {
                            "args": [
                              "list",
                              "string"
                            ],
                            "command": [
                              "list",
                              "string"
                            ],
                            "env": [
                              "list",
                              [
                                "object",
                                {
                                  "name": "string",
                                  "value": "string",
                                  "value_from": [
                                    "list",
                                    [
                                      "object",
                                      {
                                        "config_map_key_ref": [
                                          "list",
                                          [
                                            "object",
                                            {
                                              "key": "string",
                                              "name": "string",
                                              "optional": "bool"
                                            }
                                          ]
                                        ],
                                        "field_ref": [
                                          "list",
                                          [
                                            "object",
                                            {
                                              "api_version": "string",
                                              "field_path": "string"
                                            }
                                          ]
                                        ],
                                        "resource_field_ref": [
                                          "list",
                                          [
                                            "object",
                                            {
                                              "container_name": "string",
                                              "divisor": "string",
                                              "resource": "string"
                                            }
                                          ]
                                        ],
                                        "secret_key_ref": [
                                          "list",
                                          [
                                            "object",
                                            {
                                              "key": "string",
                                              "name": "string",
                                              "optional": "bool"
                                            }
                                          ]
                                        ]
                                      }
                                    ]
                                  ]
                                }
                              ]
                            ],
                            "env_from": [
                              "list",
                              [
                                "object",
                                {
                                  "config_map_ref": [
                                    "list",
                                    [
                                      "object",
                                      {
                                        "name": "string",
                                        "optional": "bool"
                                      }
                                    ]
                                  ],
                                  "prefix": "string",
                                  "secret_ref": [
                                    "list",
                                    [
                                      "object",
                                      {
                                        "name": "string",
                                        "optional": "bool"
                                      }
                                    ]
                                  ]
                                }
                              ]
                            ],
                            "image": "string",
                            "image_pull_policy": "string",
                            "lifecycle": [
                              "list",
                              [
                                "object",
                                {
                                  "post_start": [
                                    "list",
                                    [
                                      "object",
                                      {
                                        "exec": [
                                          "list",
                                          [
                                            "object",
                                            {
                                              "command": [
                                                "list",
                                                "string"
                                              ]
                                            }
                                          ]
                                        ],
                                        "http_get": [
                                          "list",
                                          [
                                            "object",
                                            {
                                              "host": "string",
                                              "http_header": [
                                                "list",
                                                [
                                                  "object",
                                                  {
                                                    "name": "string",
                                                    "value": "string"
                                                  }
                                                ]
                                              ],
                                              "path": "string",
                                              "port": "string",
                                              "scheme": "string"
                                            }
                                          ]
                                        ],
                                        "tcp_socket": [
                                          "list",
                                          [
                                            "object",
                                            {
                                              "port": "string"
                                            }
                                          ]
                                        ]
                                      }
                                    ]
                                  ],
                                  "pre_stop": [
                                    "list",
                                    [
                                      "object",
                                      {
                                        "exec": [
                                          "list",
                                          [
                                            "object",
                                            {
                                              "command": [
                                                "list",
                                                "string"
                                              ]
                                            }
                                          ]
                                        ],
                                        "http_get": [
                                          "list",
                                          [
                                            "object",
                                            {
                                              "host": "string",
                                              "http_header": [
                                                "list",
                                                [
                                                  "object",
                                                  {
                                                    "name": "string",
                                                    "value": "string"
                                                  }
                                                ]
                                              ],
                                              "path": "string",
                                              "port": "string",
                                              "scheme": "string"
                                            }
                                          ]
                                        ],
                                        "tcp_socket": [
                                          "list",
                                          [
                                            "object",
                                            {
                                              "port": "string"
                                            }
                                          ]
                                        ]
                                      }
                                    ]
                                  ]
                                }
                              ]
                            ],
                            "liveness_probe": [
                              "list",
                              [
                                "object",
                                {
                                  "exec": [
                                    "list",
                                    [
                                      "object",
                                      {
                                        "command": [
                                          "list",
                                          "string"
                                        ]
                                      }
                                    ]
                                  ],
                                  "failure_threshold": "number",
                                  "grpc": [
                                    "list",
                                    [
                                      "object",
                                      {
                                        "port": "number",
                                        "service": "string"
                                      }
                                    ]
                                  ],
                                  "http_get": [
                                    "list",
                                    [
                                      "object",
                                      {
                                        "host": "string",
                                        "http_header": [
                                          "list",
                                          [
                                            "object",
                                            {
                                              "name": "string",
                                              "value": "string"
                                            }
                                          ]
                                        ],
                                        "path": "string",
                                        "port": "string",
                                        "scheme": "string"
                                      }
                                    ]
                                  ],
                                  "initial_delay_seconds": "number",
                                  "period_seconds": "number",
                                  "success_threshold": "number",
                                  "tcp_socket": [
                                    "list",
                                    [
                                      "object",
                                      {
                                        "port": "string"
                                      }
                                    ]
                                  ],
                                  "timeout_seconds": "number"
                                }
                              ]
                            ],
                            "name": "string",
                            "port": [
                              "list",
                              [
                                "object",
                                {
                                  "container_port": "number",
                                  "host_ip": "string",
                                  "host_port": "number",
                                  "name": "string",
                                  "protocol": "string"
                                }
                              ]
                            ],
                            "readiness_probe": [
                              "list",
                              [
                                "object",
                                {
                                  "exec": [
                                    "list",
                                    [
                                      "object",
                                      {
                                        "command": [
                                          "list",
                                          "string"
                                        ]
                                      }
                                    ]
                                  ],
                                  "failure_threshold": "number",
                                  "grpc": [
                                    "list",
                                    [
                                      "object",
                                      {
                                        "port": "number",
                                        "service": "string"
                                      }
                                    ]
                                  ],
                                  "http_get": [
                                    "list",
                                    [
                                      "object",
                                      {
                                        "host": "string",
                                        "http_header": [
                                          "list",
                                          [
                                            "object",
                                            {
                                              "name": "string",
                                              "value": "string"
                                            }
                                          ]
                                        ],
                                        "path": "string",
                                        "port": "string",
                                        "scheme": "string"
                                      }
                                    ]
                                  ],
                                  "initial_delay_seconds": "number",
                                  "period_seconds": "number",
                                  "success_threshold": "number",
                                  "tcp_socket": [
                                    "list",
                                    [
                                      "object",
                                      {
                                        "port": "string"
                                      }
                                    ]
                                  ],
                                  "timeout_seconds": "number"
                                }
                              ]
                            ],
                            "resources": [
                              "list",
                              [
                                "object",
                                {
                                  "limits": [
                                    "map",
                                    "string"
                                  ],
                                  "requests": [
                                    "map",
                                    "string"
                                  ]
                                }
                              ]
                            ],
                            "security_context": [
                              "list",
                              [
                                "object",
                                {
                                  "allow_privilege_escalation": "bool",
                                  "capabilities": [
                                    "list",
                                    [
                                      "object",
                                      {
                                        "add": [
                                          "list",
                                          "string"
                                        ],
                                        "drop": [
                                          "list",
                                          "string"
                                        ]
                                      }
                                    ]
                                  ],
                                  "privileged": "bool",
                                  "read_only_root_filesystem": "bool",
                                  "run_as_group": "string",
                                  "run_as_non_root": "bool",
                                  "run_as_user": "string",
                                  "se_linux_options": [
                                    "list",
                                    [
                                      "object",
                                      {
                                        "level": "string",
                                        "role": "string",
                                        "type": "string",
                                        "user": "string"
                                      }
                                    ]
                                  ],
                                  "seccomp_profile": [
                                    "list",
                                    [
                                      "object",
                                      {
                                        "localhost_profile": "string",
                                        "type": "string"
                                      }
                                    ]
                                  ]
                                }
                              ]
                            ],
                            "startup_probe": [
                              "list",
                              [
                                "object",
                                {
                                  "exec": [
                                    "list",
                                    [
                                      "object",
                                      {
                                        "command": [
                                          "list",
                                          "string"
                                        ]
                                      }
                                    ]
                                  ],
                                  "failure_threshold": "number",
                                  "grpc": [
                                    "list",
                                    [
                                      "object",
                                      {
                                        "port": "number",
                                        "service": "string"
                                      }
                                    ]
                                  ],
                                  "http_get": [
                                    "list",
                                    [
                                      "object",
                                      {
                                        "host": "string",
                                        "http_header": [
                                          "list",
                                          [
                                            "object",
                                            {
                                              "name": "string",
                                              "value": "string"
                                            }
                                          ]
                                        ],
                                        "path": "string",
                                        "port": "string",
                                        "scheme": "string"
                                      }
                                    ]
                                  ],
                                  "initial_delay_seconds": "number",
                                  "period_seconds": "number",
                                  "success_threshold": "number",
                                  "tcp_socket": [
                                    "list",
                                    [
                                      "object",
                                      {
                                        "port": "string"
                                      }
                                    ]
                                  ],
                                  "timeout_seconds": "number"
                                }
                              ]
                            ],
                            "stdin": "bool",
                            "stdin_once": "bool",
                            "termination_message_path": "string",
                            "termination_message_policy": "string",
                            "tty": "bool",
                            "volume_device": [
                              "list",
                              [
                                "object",
                                {
                                  "device_path": "string",
                                  "name": "string"
                                }
                              ]
                            ],
                            "volume_mount": [
                              "list",
                              [
                                "object",
                                {
                                  "mount_path": "string",
                                  "mount_propagation": "string",
                                  "name": "string",
                                  "read_only": "bool",
                                  "sub_path": "string"
                                }
                              ]
                            ],
                            "working_dir": "string"
                          }
                        ]
                      ],
                      "dns_config": [
                        "list",
                        [
                          "object",
                          {
                            "nameservers": [
                              "list",
                              "string"
                            ],
                            "option": [
                              "list",
                              [
                                "object",
                                {
                                  "name": "string",
                                  "value": "string"
                                }
                              ]
                            ],
                            "searches": [
                              "list",
                              "string"
                            ]
                          }
                        ]
                      ],
                      "dns_policy": "string",
                      "enable_service_links": "bool",
                      "host_aliases": [
                        "list",
                        [
                          "object",
                          {
                            "hostnames": [
                              "list",
                              "string"
                            ],
                            "ip": "string"
                          }
                        ]
                      ],
                      "host_ipc": "bool",
                      "host_network": "bool",
                      "host_pid": "bool",
                      "hostname": "string",
                      "image_pull_secrets": [
                        "list",
                        [
                          "object",
                          {
                            "name": "string"
                          }
                        ]
                      ],
                      "init_container": [
                        "list",
                        [
                          "object",
                          {
                            "args": [
                              "list",
                              "string"
                            ],
                            "command": [
                              "list",
                              "string"
                            ],
                            "env": [
                              "list",
                              [
                                "object",
                                {
                                  "name": "string",
                                  "value": "string",
                                  "value_from": [
                                    "list",
                                    [
                                      "object",
                                      {
                                        "config_map_key_ref": [
                                          "list",
                                          [
                                            "object",
                                            {
                                              "key": "string",
                                              "name": "string",
                                              "optional": "bool"
                                            }
                                          ]
                                        ],
                                        "field_ref": [
                                          "list",
                                          [
                                            "object",
                                            {
                                              "api_version": "string",
                                              "field_path": "string"
                                            }
                                          ]
                                        ],
                                        "resource_field_ref": [
                                          "list",
                                          [
                                            "object",
                                            {
                                              "container_name": "string",
                                              "divisor": "string",
                                              "resource": "string"
                                            }
                                          ]
                                        ],
                                        "secret_key_ref": [
                                          "list",
                                          [
                                            "object",
                                            {
                                              "key": "string",
                                              "name": "string",
                                              "optional": "bool"
                                            }
                                          ]
                                        ]
                                      }
                                    ]
                                  ]
                                }
                              ]
                            ],
                            "env_from": [
                              "list",
                              [
                                "object",
                                {
                                  "config_map_ref": [
                                    "list",
                                    [
                                      "object",
                                      {
                                        "name": "string",
                                        "optional": "bool"
                                      }
                                    ]
                                  ],
                                  "prefix": "string",
                                  "secret_ref": [
                                    "list",
                                    [
                                      "object",
                                      {
                                        "name": "string",
                                        "optional": "bool"
                                      }
                                    ]
                                  ]
                                }
                              ]
                            ],
                            "image": "string",
                            "image_pull_policy": "string",
                            "lifecycle": [
                              "list",
                              [
                                "object",
                                {
                                  "post_start": [
                                    "list",
                                    [
                                      "object",
                                      {
                                        "exec": [
                                          "list",
                                          [
                                            "object",
                                            {
                                              "command": [
                                                "list",
                                                "string"
                                              ]
                                            }
                                          ]
                                        ],
                                        "http_get": [
                                          "list",
                                          [
                                            "object",
                                            {
                                              "host": "string",
                                              "http_header": [
                                                "list",
                                                [
                                                  "object",
                                                  {
                                                    "name": "string",
                                                    "value": "string"
                                                  }
                                                ]
                                              ],
                                              "path": "string",
                                              "port": "string",
                                              "scheme": "string"
                                            }
                                          ]
                                        ],
                                        "tcp_socket": [
                                          "list",
                                          [
                                            "object",
                                            {
                                              "port": "string"
                                            }
                                          ]
                                        ]
                                      }
                                    ]
                                  ],
                                  "pre_stop": [
                                    "list",
                                    [
                                      "object",
                                      {
                                        "exec": [
                                          "list",
                                          [
                                            "object",
                                            {
                                              "command": [
                                                "list",
                                                "string"
                                              ]
                                            }
                                          ]
                                        ],
                                        "http_get": [
                                          "list",
                                          [
                                            "object",
                                            {
                                              "host": "string",
                                              "http_header": [
                                                "list",
                                                [
                                                  "object",
                                                  {
                                                    "name": "string",
                                                    "value": "string"
                                                  }
                                                ]
                                              ],
                                              "path": "string",
                                              "port": "string",
                                              "scheme": "string"
                                            }
                                          ]
                                        ],
                                        "tcp_socket": [
                                          "list",
                                          [
                                            "object",
                                            {
                                              "port": "string"
                                            }
                                          ]
                                        ]
                                      }
                                    ]
                                  ]
                                }
                              ]
                            ],
                            "liveness_probe": [
                              "list",
                              [
                                "object",
                                {
                                  "exec": [
                                    "list",
                                    [
                                      "object",
                                      {
                                        "command": [
                                          "list",
                                          "string"
                                        ]
                                      }
                                    ]
                                  ],
                                  "failure_threshold": "number",
                                  "grpc": [
                                    "list",
                                    [
                                      "object",
                                      {
                                        "port": "number",
                                        "service": "string"
                                      }
                                    ]
                                  ],
                                  "http_get": [
                                    "list",
                                    [
                                      "object",
                                      {
                                        "host": "string",
                                        "http_header": [
                                          "list",
                                          [
                                            "object",
                                            {
                                              "name": "string",
                                              "value": "string"
                                            }
                                          ]
                                        ],
                                        "path": "string",
                                        "port": "string",
                                        "scheme": "string"
                                      }
                                    ]
                                  ],
                                  "initial_delay_seconds": "number",
                                  "period_seconds": "number",
                                  "success_threshold": "number",
                                  "tcp_socket": [
                                    "list",
                                    [
                                      "object",
                                      {
                                        "port": "string"
                                      }
                                    ]
                                  ],
                                  "timeout_seconds": "number"
                                }
                              ]
                            ],
                            "name": "string",
                            "port": [
                              "list",
                              [
                                "object",
                                {
                                  "container_port": "number",
                                  "host_ip": "string",
                                  "host_port": "number",
                                  "name": "string",
                                  "protocol": "string"
                                }
                              ]
                            ],
                            "readiness_probe": [
                              "list",
                              [
                                "object",
                                {
                                  "exec": [
                                    "list",
                                    [
                                      "object",
                                      {
                                        "command": [
                                          "list",
                                          "string"
                                        ]
                                      }
                                    ]
                                  ],
                                  "failure_threshold": "number",
                                  "grpc": [
                                    "list",
                                    [
                                      "object",
                                      {
                                        "port": "number",
                                        "service": "string"
                                      }
                                    ]
                                  ],
                                  "http_get": [
                                    "list",
                                    [
                                      "object",
                                      {
                                        "host": "string",
                                        "http_header": [
                                          "list",
                                          [
                                            "object",
                                            {
                                              "name": "string",
                                              "value": "string"
                                            }
                                          ]
                                        ],
                                        "path": "string",
                                        "port": "string",
                                        "scheme": "string"
                                      }
                                    ]
                                  ],
                                  "initial_delay_seconds": "number",
                                  "period_seconds": "number",
                                  "success_threshold": "number",
                                  "tcp_socket": [
                                    "list",
                                    [
                                      "object",
                                      {
                                        "port": "string"
                                      }
                                    ]
                                  ],
                                  "timeout_seconds": "number"
                                }
                              ]
                            ],
                            "resources": [
                              "list",
                              [
                                "object",
                                {
                                  "limits": [
                                    "map",
                                    "string"
                                  ],
                                  "requests": [
                                    "map",
                                    "string"
                                  ]
                                }
                              ]
                            ],
                            "security_context": [
                              "list",
                              [
                                "object",
                                {
                                  "allow_privilege_escalation": "bool",
                                  "capabilities": [
                                    "list",
                                    [
                                      "object",
                                      {
                                        "add": [
                                          "list",
                                          "string"
                                        ],
                                        "drop": [
                                          "list",
                                          "string"
                                        ]
                                      }
                                    ]
                                  ],
                                  "privileged": "bool",
                                  "read_only_root_filesystem": "bool",
                                  "run_as_group": "string",
                                  "run_as_non_root": "bool",
                                  "run_as_user": "string",
                                  "se_linux_options": [
                                    "list",
                                    [
                                      "object",
                                      {
                                        "level": "string",
                                        "role": "string",
                                        "type": "string",
                                        "user": "string"
                                      }
                                    ]
                                  ],
                                  "seccomp_profile": [
                                    "list",
                                    [
                                      "object",
                                      {
                                        "localhost_profile": "string",
                                        "type": "string"
                                      }
                                    ]
                                  ]
                                }
                              ]
                            ],
                            "startup_probe": [
                              "list",
                              [
                                "object",
                                {
                                  "exec": [
                                    "list",
                                    [
                                      "object",
                                      {
                                        "command": [
                                          "list",
                                          "string"
                                        ]
                                      }
                                    ]
                                  ],
                                  "failure_threshold": "number",
                                  "grpc": [
                                    "list",
                                    [
                                      "object",
                                      {
                                        "port": "number",
                                        "service": "string"
                                      }
                                    ]
                                  ],
                                  "http_get": [
                                    "list",
                                    [
                                      "object",
                                      {
                                        "host": "string",
                                        "http_header": [
                                          "list",
                                          [
                                            "object",
                                            {
                                              "name": "string",
                                              "value": "string"
                                            }
                                          ]
                                        ],
                                        "path": "string",
                                        "port": "string",
                                        "scheme": "string"
                                      }
                                    ]
                                  ],
                                  "initial_delay_seconds": "number",
                                  "period_seconds": "number",
                                  "success_threshold": "number",
                                  "tcp_socket": [
                                    "list",
                                    [
                                      "object",
                                      {
                                        "port": "string"
                                      }
                                    ]
                                  ],
                                  "timeout_seconds": "number"
                                }
                              ]
                            ],
                            "stdin": "bool",
                            "stdin_once": "bool",
                            "termination_message_path": "string",
                            "termination_message_policy": "string",
                            "tty": "bool",
                            "volume_device": [
                              "list",
                              [
                                "object",
                                {
                                  "device_path": "string",
                                  "name": "string"
                                }
                              ]
                            ],
                            "volume_mount": [
                              "list",
                              [
                                "object",
                                {
                                  "mount_path": "string",
                                  "mount_propagation": "string",
                                  "name": "string",
                                  "read_only": "bool",
                                  "sub_path": "string"
                                }
                              ]
                            ],
                            "working_dir": "string"
                          }
                        ]
                      ],
                      "node_name": "string",
                      "node_selector": [
                        "map",
                        "string"
                      ],
                      "os": [
                        "list",
                        [
                          "object",
                          {
                            "name": "string"
                          }
                        ]
                      ],
                      "priority_class_name": "string",
                      "readiness_gate": [
                        "list",
                        [
                          "object",
                          {
                            "condition_type": "string"
                          }
                        ]
                      ],
                      "restart_policy": "string",
                      "runtime_class_name": "string",
                      "scheduler_name": "string",
                      "security_context": [
                        "list",
                        [
                          "object",
                          {
                            "fs_group": "string",
                            "fs_group_change_policy": "string",
                            "run_as_group": "string",
                            "run_as_non_root": "bool",
                            "run_as_user": "string",
                            "se_linux_options": [
                              "list",
                              [
                                "object",
                                {
                                  "level": "string",
                                  "role": "string",
                                  "type": "string",
                                  "user": "string"
                                }
                              ]
                            ],
                            "seccomp_profile": [
                              "list",
                              [
                                "object",
                                {
                                  "localhost_profile": "string",
                                  "type": "string"
                                }
                              ]
                            ],
                            "supplemental_groups": [
                              "set",
                              "number"
                            ],
                            "sysctl": [
                              "list",
                              [
                                "object",
                                {
                                  "name": "string",
                                  "value": "string"
                                }
                              ]
                            ],
                            "windows_options": [
                              "list",
                              [
                                "object",
                                {
                                  "gmsa_credential_spec": "string",
                                  "gmsa_credential_spec_name": "string",
                                  "host_process": "bool",
                                  "run_as_username": "string"
                                }
                              ]
                            ]
                          }
                        ]
                      ],
                      "service_account_name": "string",
                      "share_process_namespace": "bool",
                      "subdomain": "string",
                      "termination_grace_period_seconds": "number",
                      "toleration": [
                        "list",
                        [
                          "object",
                          {
                            "effect": "string",
                            "key": "string",
                            "operator": "string",
                            "toleration_seconds": "string",
                            "value": "string"
                          }
                        ]
                      ],
                      "topology_spread_constraint": [
                        "list",
                        [
                          "object",
                          {
                            "label_selector": [
                              "list",
                              [
                                "object",
                                {
                                  "match_expressions": [
                                    "list",
                                    [
                                      "object",
                                      {
                                        "key": "string",
                                        "operator": "string",
                                        "values": [
                                          "set",
                                          "string"
                                        ]
                                      }
                                    ]
                                  ],
                                  "match_labels": [
                                    "map",
                                    "string"
                                  ]
                                }
                              ]
                            ],
                            "match_label_keys": [
                              "set",
                              "string"
                            ],
                            "max_skew": "number",
                            "min_domains": "number",
                            "node_affinity_policy": "string",
                            "node_taints_policy": "string",
                            "topology_key": "string",
                            "when_unsatisfiable": "string"
                          }
                        ]
                      ],
                      "volume": [
                        "list",
                        [
                          "object",
                          {
                            "aws_elastic_block_store": [
                              "list",
                              [
                                "object",
                                {
                                  "fs_type": "string",
                                  "partition": "number",
                                  "read_only": "bool",
                                  "volume_id": "string"
                                }
                              ]
                            ],
                            "azure_disk": [
                              "list",
                              [
                                "object",
                                {
                                  "caching_mode": "string",
                                  "data_disk_uri": "string",
                                  "disk_name": "string",
                                  "fs_type": "string",
                                  "kind": "string",
                                  "read_only": "bool"
                                }
                              ]
                            ],
                            "azure_file": [
                              "list",
                              [
                                "object",
                                {
                                  "read_only": "bool",
                                  "secret_name": "string",
                                  "secret_namespace": "string",
                                  "share_name": "string"
                                }
                              ]
                            ],
                            "ceph_fs": [
                              "list",
                              [
                                "object",
                                {
                                  "monitors": [
                                    "set",
                                    "string"
                                  ],
                                  "path": "string",
                                  "read_only": "bool",
                                  "secret_file": "string",
                                  "secret_ref": [
                                    "list",
                                    [
                                      "object",
                                      {
                                        "name": "string",
                                        "namespace": "string"
                                      }
                                    ]
                                  ],
                                  "user": "string"
                                }
                              ]
                            ],
                            "cinder": [
                              "list",
                              [
                                "object",
                                {
                                  "fs_type": "string",
                                  "read_only": "bool",
                                  "volume_id": "string"
                                }
                              ]
                            ],
                            "config_map": [
                              "list",
                              [
                                "object",
                                {
                                  "default_mode": "string",
                                  "items": [
                                    "list",
                                    [
                                      "object",
                                      {
                                        "key": "string",
                                        "mode": "string",
                                        "path": "string"
                                      }
                                    ]
                                  ],
                                  "name": "string",
                                  "optional": "bool"
                                }
                              ]
                            ],
                            "csi": [
                              "list",
                              [
                                "object",
                                {
                                  "driver": "string",
                                  "fs_type": "string",
                                  "node_publish_secret_ref": [
                                    "list",
                                    [
                                      "object",
                                      {
                                        "name": "string"
                                      }
                                    ]
                                  ],
                                  "read_only": "bool",
                                  "volume_attributes": [
                                    "map",
                                    "string"
                                  ]
                                }
                              ]
                            ],
                            "downward_api": [
                              "list",
                              [
                                "object",
                                {
                                  "default_mode": "string",
                                  "items": [
                                    "list",
                                    [
                                      "object",
                                      {
                                        "field_ref": [
                                          "list",
                                          [
                                            "object",
                                            {
                                              "api_version": "string",
                                              "field_path": "string"
                                            }
                                          ]
                                        ],
                                        "mode": "string",
                                        "path": "string",
                                        "resource_field_ref": [
                                          "list",
                                          [
                                            "object",
                                            {
                                              "container_name": "string",
                                              "divisor": "string",
                                              "resource": "string"
                                            }
                                          ]
                                        ]
                                      }
                                    ]
                                  ]
                                }
                              ]
                            ],
                            "empty_dir": [
                              "list",
                              [
                                "object",
                                {
                                  "medium": "string",
                                  "size_limit": "string"
                                }
                              ]
                            ],
                            "ephemeral": [
                              "list",
                              [
                                "object",
                                {
                                  "volume_claim_template": [
                                    "list",
                                    [
                                      "object",
                                      {
                                        "metadata": [
                                          "list",
                                          [
                                            "object",
                                            {
                                              "annotations": [
                                                "map",
                                                "string"
                                              ],
                                              "labels": [
                                                "map",
                                                "string"
                                              ]
                                            }
                                          ]
                                        ],
                                        "spec": [
                                          "list",
                                          [
                                            "object",
                                            {
                                              "access_modes": [
                                                "set",
                                                "string"
                                              ],
                                              "resources": [
                                                "list",
                                                [
                                                  "object",
                                                  {
                                                    "limits": [
                                                      "map",
                                                      "string"
                                                    ],
                                                    "requests": [
                                                      "map",
                                                      "string"
                                                    ]
                                                  }
                                                ]
                                              ],
                                              "selector": [
                                                "list",
                                                [
                                                  "object",
                                                  {
                                                    "match_expressions": [
                                                      "list",
                                                      [
                                                        "object",
                                                        {
                                                          "key": "string",
                                                          "operator": "string",
                                                          "values": [
                                                            "set",
                                                            "string"
                                                          ]
                                                        }
                                                      ]
                                                    ],
                                                    "match_labels": [
                                                      "map",
                                                      "string"
                                                    ]
                                                  }
                                                ]
                                              ],
                                              "storage_class_name": "string",
                                              "volume_mode": "string",
                                              "volume_name": "string"
                                            }
                                          ]
                                        ]
                                      }
                                    ]
                                  ]
                                }
                              ]
                            ],
                            "fc": [
                              "list",
                              [
                                "object",
                                {
                                  "fs_type": "string",
                                  "lun": "number",
                                  "read_only": "bool",
                                  "target_ww_ns": [
                                    "set",
                                    "string"
                                  ]
                                }
                              ]
                            ],
                            "flex_volume": [
                              "list",
                              [
                                "object",
                                {
                                  "driver": "string",
                                  "fs_type": "string",
                                  "options": [
                                    "map",
                                    "string"
                                  ],
                                  "read_only": "bool",
                                  "secret_ref": [
                                    "list",
                                    [
                                      "object",
                                      {
                                        "name": "string",
                                        "namespace": "string"
                                      }
                                    ]
                                  ]
                                }
                              ]
                            ],
                            "flocker": [
                              "list",
                              [
                                "object",
                                {
                                  "dataset_name": "string",
                                  "dataset_uuid": "string"
                                }
                              ]
                            ],
                            "gce_persistent_disk": [
                              "list",
                              [
                                "object",
                                {
                                  "fs_type": "string",
                                  "partition": "number",
                                  "pd_name": "string",
                                  "read_only": "bool"
                                }
                              ]
                            ],
                            "git_repo": [
                              "list",
                              [
                                "object",
                                {
                                  "directory": "string",
                                  "repository": "string",
                                  "revision": "string"
                                }
                              ]
                            ],
                            "glusterfs": [
                              "list",
                              [
                                "object",
                                {
                                  "endpoints_name": "string",
                                  "path": "string",
                                  "read_only": "bool"
                                }
                              ]
                            ],
                            "host_path": [
                              "list",
                              [
                                "object",
                                {
                                  "path": "string",
                                  "type": "string"
                                }
                              ]
                            ],
                            "iscsi": [
                              "list",
                              [
                                "object",
                                {
                                  "fs_type": "string",
                                  "iqn": "string",
                                  "iscsi_interface": "string",
                                  "lun": "number",
                                  "read_only": "bool",
                                  "target_portal": "string"
                                }
                              ]
                            ],
                            "local": [
                              "list",
                              [
                                "object",
                                {
                                  "path": "string"
                                }
                              ]
                            ],
                            "name": "string",
                            "nfs": [
                              "list",
                              [
                                "object",
                                {
                                  "path": "string",
                                  "read_only": "bool",
                                  "server": "string"
                                }
                              ]
                            ],
                            "persistent_volume_claim": [
                              "list",
                              [
                                "object",
                                {
                                  "claim_name": "string",
                                  "read_only": "bool"
                                }
                              ]
                            ],
                            "photon_persistent_disk": [
                              "list",
                              [
                                "object",
                                {
                                  "fs_type": "string",
                                  "pd_id": "string"
                                }
                              ]
                            ],
                            "projected": [
                              "list",
                              [
                                "object",
                                {
                                  "default_mode": "string",
                                  "sources": [
                                    "list",
                                    [
                                      "object",
                                      {
                                        "config_map": [
                                          "list",
                                          [
                                            "object",
                                            {
                                              "items": [
                                                "list",
                                                [
                                                  "object",
                                                  {
                                                    "key": "string",
                                                    "mode": "string",
                                                    "path": "string"
                                                  }
                                                ]
                                              ],
                                              "name": "string",
                                              "optional": "bool"
                                            }
                                          ]
                                        ],
                                        "downward_api": [
                                          "list",
                                          [
                                            "object",
                                            {
                                              "items": [
                                                "list",
                                                [
                                                  "object",
                                                  {
                                                    "field_ref": [
                                                      "list",
                                                      [
                                                        "object",
                                                        {
                                                          "api_version": "string",
                                                          "field_path": "string"
                                                        }
                                                      ]
                                                    ],
                                                    "mode": "string",
                                                    "path": "string",
                                                    "resource_field_ref": [
                                                      "list",
                                                      [
                                                        "object",
                                                        {
                                                          "container_name": "string",
                                                          "divisor": "string",
                                                          "resource": "string"
                                                        }
                                                      ]
                                                    ]
                                                  }
                                                ]
                                              ]
                                            }
                                          ]
                                        ],
                                        "secret": [
                                          "list",
                                          [
                                            "object",
                                            {
                                              "items": [
                                                "list",
                                                [
                                                  "object",
                                                  {
                                                    "key": "string",
                                                    "mode": "string",
                                                    "path": "string"
                                                  }
                                                ]
                                              ],
                                              "name": "string",
                                              "optional": "bool"
                                            }
                                          ]
                                        ],
                                        "service_account_token": [
                                          "list",
                                          [
                                            "object",
                                            {
                                              "audience": "string",
                                              "expiration_seconds": "number",
                                              "path": "string"
                                            }
                                          ]
                                        ]
                                      }
                                    ]
                                  ]
                                }
                              ]
                            ],
                            "quobyte": [
                              "list",
                              [
                                "object",
                                {
                                  "group": "string",
                                  "read_only": "bool",
                                  "registry": "string",
                                  "user": "string",
                                  "volume": "string"
                                }
                              ]
                            ],
                            "rbd": [
                              "list",
                              [
                                "object",
                                {
                                  "ceph_monitors": [
                                    "set",
                                    "string"
                                  ],
                                  "fs_type": "string",
                                  "keyring": "string",
                                  "rados_user": "string",
                                  "rbd_image": "string",
                                  "rbd_pool": "string",
                                  "read_only": "bool",
                                  "secret_ref": [
                                    "list",
                                    [
                                      "object",
                                      {
                                        "name": "string",
                                        "namespace": "string"
                                      }
                                    ]
                                  ]
                                }
                              ]
                            ],
                            "secret": [
                              "list",
                              [
                                "object",
                                {
                                  "default_mode": "string",
                                  "items": [
                                    "list",
                                    [
                                      "object",
                                      {
                                        "key": "string",
                                        "mode": "string",
                                        "path": "string"
                                      }
                                    ]
                                  ],
                                  "optional": "bool",
                                  "secret_name": "string"
                                }
                              ]
                            ],
                            "vsphere_volume": [
                              "list",
                              [
                                "object",
                                {
                                  "fs_type": "string",
                                  "volume_path": "string"
                                }
                              ]
                            ]
                          }
                        ]
                      ]
                    }
                  ]
                ]
              }
            ]
          ]
        }
      ]
    }
  },
  "resources": [
    {
      "mode": "managed",
      "type": "kubernetes_daemonset",
      "name": "kube_net_insight_ds",
      "provider": "provider[\"registry.terraform.io/hashicorp/kubernetes\"]",
      "instances": [
        {
          "schema_version": 1,
          "attributes": {
            "id": "kube-system/kubenetinsight",
            "metadata": [
              {
                "annotations": null,
                "generate_name": "",
                "generation": 1,
                "labels": {
                  "k8s-app": "kubenetinsight"
                },
                "name": "kubenetinsight",
                "namespace": "kube-system",
                "resource_version": "789",
                "uid": "1643f2d6-f59b-4f22-bb18-828e59de8b3b"
              }
            ],
            "spec": [
              {
                "min_ready_seconds": 0,
                "revision_history_limit": 10,
                "selector": [
                  {
                    "match_expressions": [],
                    "match_labels": {
                      "name": "kubenetinsight"
                    }
                  }
                ],
                "strategy": [
                  {
                    "rolling_update": [
                      {
                        "max_surge": "0",
                        "max_unavailable": "1"
                      }
                    ],
                    "type": "RollingUpdate"
                  }
                ],
                "template": [
                  {
                    "metadata": [
                      {
                        "annotations": null,
                        "generate_name": "",
                        "generation": 0,
                        "labels": {
                          "name": "kubenetinsight"
                        },
                        "name": "",
                        "namespace": "",
                        "resource_version": "",
                        "uid": ""
                      }
                    ],
                    "spec": [
                      {
                        "active_deadline_seconds": 0,
                        "affinity": [],
                        "automount_service_account_token": true,
                        "container": [
                          {
                            "args": null,
                            "command": null,
                            "env": [],
                            "env_from": [],
                            "image": "paras1904/kubenetinsight:latest",
                            "image_pull_policy": "Always",
                            "lifecycle": [],
                            "liveness_probe": [],
                            "name": "kubenetinsight",
                            "port": [],
                            "readiness_probe": [],
                            "resources": [
                              {
                                "limits": {},
                                "requests": {}
                              }
                            ],
                            "security_context": [
                              {
                                "allow_privilege_escalation": true,
                                "capabilities": [],
                                "privileged": true,
                                "read_only_root_filesystem": false,
                                "run_as_group": "",
                                "run_as_non_root": false,
                                "run_as_user": "",
                                "se_linux_options": [],
                                "seccomp_profile": []
                              }
                            ],
                            "startup_probe": [],
                            "stdin": false,
                            "stdin_once": false,
                            "termination_message_path": "/dev/termination-log",
                            "termination_message_policy": "File",
                            "tty": false,
                            "volume_device": [],
                            "volume_mount": [
                              {
                                "mount_path": "/sys/fs/bpf",
                                "mount_propagation": "None",
                                "name": "bpffs",
                                "read_only": false,
                                "sub_path": ""
                              },
                              {
                                "mount_path": "/sys/kernel/debug",
                                "mount_propagation": "None",
                                "name": "debugfs",
                                "read_only": false,
                                "sub_path": ""
                              }
                            ],
                            "working_dir": ""
                          }
                        ],
                        "dns_config": [],
                        "dns_policy": "ClusterFirst",
                        "enable_service_links": true,
                        "host_aliases": [],
                        "host_ipc": false,
                        "host_network": true,
                        "host_pid": false,
                        "hostname": "",
                        "image_pull_secrets": [],
                        "init_container": [],
                        "node_name": "",
                        "node_selector": null,
                        "os": [],
                        "priority_class_name": "",
                        "readiness_gate": [],
                        "restart_policy": "Always",
                        "runtime_class_name": "",
                        "scheduler_name": "default-scheduler",
                        "security_context": [],
                        "service_account_name": "",
                        "share_process_namespace": false,
                        "subdomain": "",
                        "termination_grace_period_seconds": 30,
                        "toleration": [
                          {
                            "effect": "NoSchedule",
                            "key": "node-role.kubernetes.io/master",
                            "operator": "Exists",
                            "toleration_seconds": "",
                            "value": ""
                          }
                        ],
                        "topology_spread_constraint": [],
                        "volume": [
                          {
                            "aws_elastic_block_store": [],
                            "azure_disk": [],
                            "azure_file": [],
                            "ceph_fs": [],
                            "cinder": [],
                            "config_map": [],
                            "csi": [],
                            "downward_api": [],
                            "empty_dir": [],
                            "ephemeral": [],
                            "fc": [],
                            "flex_volume": [],
                            "flocker": [],
                            "gce_persistent_disk": [],
                            "git_repo": [],
                            "glusterfs": [],
                            "host_path": [
                              {
                                "path": "/sys/fs/bpf",
                                "type": "DirectoryOrCreate"
                              }
                            ],
                            "iscsi": [],
                            "local": [],
                            "name": "bpffs",
                            "nfs": [],
                            "persistent_volume_claim": [],
                            "photon_persistent_disk": [],
                            "projected": [],
                            "quobyte": [],
                            "rbd": [],
                            "secret": [],
                            "vsphere_volume": []
                          },
                          {
                            "aws_elastic_block_store": [],
                            "azure_disk": [],
                            "azure_file": [],
                            "ceph_fs": [],
                            "cinder": [],
                            "config_map": [],
                            "csi": [],
                            "downward_api": [],
                            "empty_dir": [],
                            "ephemeral": [],
                            "fc": [],
                            "flex_volume": [],
                            "flocker": [],
                            "gce_persistent_disk": [],
                            "git_repo": [],
                            "glusterfs": [],
                            "host_path": [
                              {
                                "path": "/sys/kernel/debug",
                                "type": ""
                              }
                            ],
                            "iscsi": [],
                            "local": [],
                            "name": "debugfs",
                            "nfs": [],
                            "persistent_volume_claim": [],
                            "photon_persistent_disk": [],
                            "projected": [],
                            "quobyte": [],
                            "rbd": [],
                            "secret": [],
                            "vsphere_volume": []
                          }
                        ]
                      }
                    ]
                  }
                ]
              }
            ],
            "timeouts": null,
            "wait_for_rollout": true
          },
          "sensitive_attributes": [],
          "private": "eyJlMmJmYjczMC1lY2FhLTExZTYtOGY4OC0zNDM2M2JjN2M0YzAiOnsiY3JlYXRlIjo2MDAwMDAwMDAwMDAsImRlbGV0ZSI6NjAwMDAwMDAwMDAwLCJ1cGRhdGUiOjYwMDAwMDAwMDAwMH0sInNjaGVtYV92ZXJzaW9uIjoiMSJ9"
        }
      ]
    }
  ],
  "check_results": null
}
